
Microsoft Visual Studio Solution File, Format Version 12.00
# Visual Studio Version 16
VisualStudioVersion = 16.0.30114.105
MinimumVisualStudioVersion = 10.0.40219.1
Project("{9A19103F-16F7-4668-BE54-9A1E7A4F7556}") = "gardener", "gardener\gardener.csproj", "{D217D778-FB94-4EBE-9910-6BF555F10686}"
EndProject
Project("{FAE04EC0-301F-11D3-BF4B-00C04F79EFBC}") = "updater", "updater\updater.csproj", "{0B221CF1-7B9C-48B0-9CC8-F754AB19F0EA}"
EndProject
Global
	GlobalSection(SolutionConfigurationPlatforms) = preSolution
		Debug|Any CPU = Debug|Any CPU
		Release|Any CPU = Release|Any CPU
	EndGlobalSection
	GlobalSection(ProjectConfigurationPlatforms) = postSolution
		{D217D778-FB94-4EBE-9910-6BF555F10686}.Debug|Any CPU.ActiveCfg = Debug|Any CPU
		{D217D778-FB94-4EBE-9910-6BF555F10686}.Debug|Any CPU.Build.0 = Debug|Any CPU
		{D217D778-FB94-4EBE-9910-6BF555F10686}.Release|Any CPU.ActiveCfg = Release|Any CPU
		{D217D778-FB94-4EBE-9910-6BF555F10686}.Release|Any CPU.Build.0 = Release|Any CPU
		{0B221CF1-7B9C-48B0-9CC8-F754AB19F0EA}.Debug|Any CPU.ActiveCfg = Debug|Any CPU
		{0B221CF1-7B9C-48B0-9CC8-F754AB19F0EA}.Debug|Any CPU.Build.0 = Debug|Any CPU
		{0B221CF1-7B9C-48B0-9CC8-F754AB19F0EA}.Release|Any CPU.ActiveCfg = Release|Any CPU
		{0B221CF1-7B9C-48B0-9CC8-F754AB19F0EA}.Release|Any CPU.Build.0 = Release|Any CPU
	EndGlobalSection
	GlobalSection(SolutionProperties) = preSolution
		HideSolutionNode = FALSE
	EndGlobalSection
	GlobalSection(ExtensibilityGlobals) = postSolution
		SolutionGuid = {A9919D3A-41DE-4B92-BCB6-2F0AA495CC1C}
	EndGlobalSection
EndGlobal
